
Microsoft Visual Studio Solution File, Format Version 12.00
# Visual Studio 15
VisualStudioVersion = 15.0.28307.271
MinimumVisualStudioVersion = 10.0.40219.1
Project("{9A19103F-16F7-4668-BE54-9A1E7A4F7556}") = "iTrebolsoft", "iTrebolsoft\iTrebolsoft.csproj", "{F81C7349-A7DD-4525-B987-430F4FE6C7D1}"
EndProject
Project("{9A19103F-16F7-4668-BE54-9A1E7A4F7556}") = "Domain", "Domain\Domain.csproj", "{1D75B61F-EFC0-422C-8310-FFD5D0825289}"
EndProject
Project("{9A19103F-16F7-4668-BE54-9A1E7A4F7556}") = "Infraestructure", "Infraestructure\Infraestructure.csproj", "{207C811E-3EBD-4871-9318-95A525BB5FFE}"
EndProject
Project("{2150E333-8FDC-42A3-9474-1A3956D46DE8}") = "1) Application", "1) Application", "{379E281B-D29A-4C2D-9884-D9D458227577}"
EndProject
Project("{2150E333-8FDC-42A3-9474-1A3956D46DE8}") = "2) Domain", "2) Domain", "{D33B5923-4A6B-49F0-BBEB-EBAC66C50470}"
EndProject
Project("{9A19103F-16F7-4668-BE54-9A1E7A4F7556}") = "Application", "Application\Application.csproj", "{766D3EA3-1DDB-42FA-9A30-9456D9BEA643}"
EndProject
Project("{2150E333-8FDC-42A3-9474-1A3956D46DE8}") = "3) Infraestructure", "3) Infraestructure", "{60D6E934-E4C3-4B3B-BBA0-ECF6D4A4AA61}"
EndProject
Project("{FAE04EC0-301F-11D3-BF4B-00C04F79EFBC}") = "Infraestructure.Transversal", "Infraestructure.Transversal\Infraestructure.Transversal.csproj", "{649CC7E8-4AF8-4114-A629-43E8284A076F}"
EndProject
Global
	GlobalSection(SolutionConfigurationPlatforms) = preSolution
		Debug|Any CPU = Debug|Any CPU
		Release|Any CPU = Release|Any CPU
	EndGlobalSection
	GlobalSection(ProjectConfigurationPlatforms) = postSolution
		{F81C7349-A7DD-4525-B987-430F4FE6C7D1}.Debug|Any CPU.ActiveCfg = Debug|Any CPU
		{F81C7349-A7DD-4525-B987-430F4FE6C7D1}.Debug|Any CPU.Build.0 = Debug|Any CPU
		{F81C7349-A7DD-4525-B987-430F4FE6C7D1}.Release|Any CPU.ActiveCfg = Release|Any CPU
		{F81C7349-A7DD-4525-B987-430F4FE6C7D1}.Release|Any CPU.Build.0 = Release|Any CPU
		{1D75B61F-EFC0-422C-8310-FFD5D0825289}.Debug|Any CPU.ActiveCfg = Debug|Any CPU
		{1D75B61F-EFC0-422C-8310-FFD5D0825289}.Debug|Any CPU.Build.0 = Debug|Any CPU
		{1D75B61F-EFC0-422C-8310-FFD5D0825289}.Release|Any CPU.ActiveCfg = Release|Any CPU
		{1D75B61F-EFC0-422C-8310-FFD5D0825289}.Release|Any CPU.Build.0 = Release|Any CPU
		{207C811E-3EBD-4871-9318-95A525BB5FFE}.Debug|Any CPU.ActiveCfg = Debug|Any CPU
		{207C811E-3EBD-4871-9318-95A525BB5FFE}.Debug|Any CPU.Build.0 = Debug|Any CPU
		{207C811E-3EBD-4871-9318-95A525BB5FFE}.Release|Any CPU.ActiveCfg = Release|Any CPU
		{207C811E-3EBD-4871-9318-95A525BB5FFE}.Release|Any CPU.Build.0 = Release|Any CPU
		{766D3EA3-1DDB-42FA-9A30-9456D9BEA643}.Debug|Any CPU.ActiveCfg = Debug|Any CPU
		{766D3EA3-1DDB-42FA-9A30-9456D9BEA643}.Debug|Any CPU.Build.0 = Debug|Any CPU
		{766D3EA3-1DDB-42FA-9A30-9456D9BEA643}.Release|Any CPU.ActiveCfg = Release|Any CPU
		{766D3EA3-1DDB-42FA-9A30-9456D9BEA643}.Release|Any CPU.Build.0 = Release|Any CPU
		{649CC7E8-4AF8-4114-A629-43E8284A076F}.Debug|Any CPU.ActiveCfg = Debug|Any CPU
		{649CC7E8-4AF8-4114-A629-43E8284A076F}.Debug|Any CPU.Build.0 = Debug|Any CPU
		{649CC7E8-4AF8-4114-A629-43E8284A076F}.Release|Any CPU.ActiveCfg = Release|Any CPU
		{649CC7E8-4AF8-4114-A629-43E8284A076F}.Release|Any CPU.Build.0 = Release|Any CPU
	EndGlobalSection
	GlobalSection(SolutionProperties) = preSolution
		HideSolutionNode = FALSE
	EndGlobalSection
	GlobalSection(NestedProjects) = preSolution
		{1D75B61F-EFC0-422C-8310-FFD5D0825289} = {D33B5923-4A6B-49F0-BBEB-EBAC66C50470}
		{207C811E-3EBD-4871-9318-95A525BB5FFE} = {60D6E934-E4C3-4B3B-BBA0-ECF6D4A4AA61}
		{766D3EA3-1DDB-42FA-9A30-9456D9BEA643} = {379E281B-D29A-4C2D-9884-D9D458227577}
		{649CC7E8-4AF8-4114-A629-43E8284A076F} = {60D6E934-E4C3-4B3B-BBA0-ECF6D4A4AA61}
	EndGlobalSection
	GlobalSection(ExtensibilityGlobals) = postSolution
		SolutionGuid = {BCEDFA70-87A9-4BD6-9B99-68796FB87911}
	EndGlobalSection
EndGlobal
